{
	"name": "@viter/renderer",
	"version": "1.0.0-alpha.0.2.0",
	"lockfileVersion": 2,
	"requires": true,
	"packages": {
		"": {
			"name": "@viter/renderer",
			"version": "0.2.0",
			"license": "MIT",
			"dependencies": {
				"@types/react": "^16.9.43",
				"@types/react-dom": "^16.9.8",
				"art-template": "^4.13.2",
				"lodash-es": "^4.17.21",
				"mkdirp": "^1.0.4",
				"react-router-dom": "^6.0.0-beta.0"
			},
			"devDependencies": {
				"@types/lodash": "^4.14.170",
				"@types/lodash-es": "^4.17.4",
				"@types/mkdirp": "^1.0.1",
				"react": "16.x || 17.x",
				"react-dom": "16.x || 17.x"
			},
			"peerDependencies": {
				"react": "16.x || 17.x",
				"react-dom": "16.x || 17.x"
			}
		},
		"node_modules/@babel/runtime": {
			"version": "7.14.6",
			"resolved": "https://registry.npmjs.org/@babel/runtime/-/runtime-7.14.6.tgz",
			"integrity": "sha512-/PCB2uJ7oM44tz8YhC4Z/6PeOKXp4K588f+5M3clr1M4zbqztlo0XEfJ2LEzj/FgwfgGcIdl8n7YYjTCI0BYwg==",
			"peer": true,
			"dependencies": {
				"regenerator-runtime": "^0.13.4"
			},
			"engines": {
				"node": ">=6.9.0"
			}
		},
		"node_modules/@types/lodash": {
			"version": "4.14.170",
			"resolved": "https://registry.npmjs.org/@types/lodash/-/lodash-4.14.170.tgz",
			"integrity": "sha512-bpcvu/MKHHeYX+qeEN8GE7DIravODWdACVA1ctevD8CN24RhPZIKMn9ntfAsrvLfSX3cR5RrBKAbYm9bGs0A+Q==",
			"dev": true
		},
		"node_modules/@types/lodash-es": {
			"version": "4.17.4",
			"resolved": "https://registry.npmjs.org/@types/lodash-es/-/lodash-es-4.17.4.tgz",
			"integrity": "sha512-BBz79DCJbD2CVYZH67MBeHZRX++HF+5p8Mo5MzjZi64Wac39S3diedJYHZtScbRVf4DjZyN6LzA0SB0zy+HSSQ==",
			"dev": true,
			"dependencies": {
				"@types/lodash": "*"
			}
		},
		"node_modules/@types/mkdirp": {
			"version": "1.0.1",
			"resolved": "https://registry.npmjs.org/@types/mkdirp/-/mkdirp-1.0.1.tgz",
			"integrity": "sha512-HkGSK7CGAXncr8Qn/0VqNtExEE+PHMWb+qlR1faHMao7ng6P3tAaoWWBMdva0gL5h4zprjIO89GJOLXsMcDm1Q==",
			"dev": true,
			"dependencies": {
				"@types/node": "*"
			}
		},
		"node_modules/@types/node": {
			"version": "15.14.0",
			"resolved": "https://registry.npmjs.org/@types/node/-/node-15.14.0.tgz",
			"integrity": "sha512-um/+/ip3QZmwLfIkWZSNtQIJNVAqrJ92OkLMeuZrjZMTAJniI7fh8N8OICyDhAJ2mzgk/fmYFo72jRr5HyZ1EQ==",
			"dev": true
		},
		"node_modules/@types/prop-types": {
			"version": "15.7.3",
			"resolved": "https://registry.npmjs.org/@types/prop-types/-/prop-types-15.7.3.tgz",
			"integrity": "sha512-KfRL3PuHmqQLOG+2tGpRO26Ctg+Cq1E01D2DMriKEATHgWLfeNDmq9e29Q9WIky0dQ3NPkd1mzYH8Lm936Z9qw=="
		},
		"node_modules/@types/react": {
			"version": "16.14.10",
			"resolved": "https://registry.npmjs.org/@types/react/-/react-16.14.10.tgz",
			"integrity": "sha512-QadBsMyF6ldjEAXEhsmEW/L0uBDJT8yw7Qoe5sRnEKVrzMkiYoJwqoL5TKJOlArsn/wvIJM/XdVzkdL6+AS64Q==",
			"dependencies": {
				"@types/prop-types": "*",
				"@types/scheduler": "*",
				"csstype": "^3.0.2"
			}
		},
		"node_modules/@types/react-dom": {
			"version": "16.9.13",
			"resolved": "https://registry.npmjs.org/@types/react-dom/-/react-dom-16.9.13.tgz",
			"integrity": "sha512-34Hr3XnmUSJbUVDxIw/e7dhQn2BJZhJmlAaPyPwfTQyuVS9mV/CeyghFcXyvkJXxI7notQJz8mF8FeCVvloJrA==",
			"dependencies": {
				"@types/react": "^16"
			}
		},
		"node_modules/@types/scheduler": {
			"version": "0.16.1",
			"resolved": "https://registry.npmjs.org/@types/scheduler/-/scheduler-0.16.1.tgz",
			"integrity": "sha512-EaCxbanVeyxDRTQBkdLb3Bvl/HK7PBK6UJjsSixB0iHKoWxE5uu2Q/DgtpOhPIojN0Zl1whvOd7PoHs2P0s5eA=="
		},
		"node_modules/acorn": {
			"version": "5.7.4",
			"resolved": "https://registry.npmjs.org/acorn/-/acorn-5.7.4.tgz",
			"integrity": "sha512-1D++VG7BhrtvQpNbBzovKNc1FLGGEE/oGe7b9xJm/RFHMBeUaUGpluV9RLjZa47YFdPcDAenEYuq9pQPcMdLJg==",
			"bin": {
				"acorn": "bin/acorn"
			},
			"engines": {
				"node": ">=0.4.0"
			}
		},
		"node_modules/art-template": {
			"version": "4.13.2",
			"resolved": "https://registry.npmjs.org/art-template/-/art-template-4.13.2.tgz",
			"integrity": "sha512-04ws5k+ndA5DghfheY4c8F1304XJKeTcaXqZCLpxFkNMSkaR3ChW1pX2i9d3sEEOZuLy7de8lFriRaik1jEeOQ==",
			"dependencies": {
				"acorn": "^5.0.3",
				"escodegen": "^1.8.1",
				"estraverse": "^4.2.0",
				"html-minifier": "^3.4.3",
				"is-keyword-js": "^1.0.3",
				"js-tokens": "^3.0.1",
				"merge-source-map": "^1.0.3",
				"source-map": "^0.5.6"
			},
			"engines": {
				"node": ">= 1.0.0"
			}
		},
		"node_modules/camel-case": {
			"version": "3.0.0",
			"resolved": "https://registry.npmjs.org/camel-case/-/camel-case-3.0.0.tgz",
			"integrity": "sha1-yjw2iKTpzzpM2nd9xNy8cTJJz3M=",
			"dependencies": {
				"no-case": "^2.2.0",
				"upper-case": "^1.1.1"
			}
		},
		"node_modules/clean-css": {
			"version": "4.2.3",
			"resolved": "https://registry.npmjs.org/clean-css/-/clean-css-4.2.3.tgz",
			"integrity": "sha512-VcMWDN54ZN/DS+g58HYL5/n4Zrqe8vHJpGA8KdgUXFU4fuP/aHNw8eld9SyEIyabIMJX/0RaY/fplOo5hYLSFA==",
			"dependencies": {
				"source-map": "~0.6.0"
			},
			"engines": {
				"node": ">= 4.0"
			}
		},
		"node_modules/clean-css/node_modules/source-map": {
			"version": "0.6.1",
			"resolved": "https://registry.npmjs.org/source-map/-/source-map-0.6.1.tgz",
			"integrity": "sha512-UjgapumWlbMhkBgzT7Ykc5YXUT46F0iKu8SGXq0bcwP5dz/h0Plj6enJqjz1Zbq2l5WaqYnrVbwWOWMyF3F47g==",
			"engines": {
				"node": ">=0.10.0"
			}
		},
		"node_modules/commander": {
			"version": "2.17.1",
			"resolved": "https://registry.npmjs.org/commander/-/commander-2.17.1.tgz",
			"integrity": "sha512-wPMUt6FnH2yzG95SA6mzjQOEKUU3aLaDEmzs1ti+1E9h+CsrZghRlqEM/EJ4KscsQVG8uNN4uVreUeT8+drlgg=="
		},
		"node_modules/csstype": {
			"version": "3.0.8",
			"resolved": "https://registry.npmjs.org/csstype/-/csstype-3.0.8.tgz",
			"integrity": "sha512-jXKhWqXPmlUeoQnF/EhTtTl4C9SnrxSH/jZUih3jmO6lBKr99rP3/+FmrMj4EFpOXzMtXHAZkd3x0E6h6Fgflw=="
		},
		"node_modules/deep-is": {
			"version": "0.1.3",
			"resolved": "https://registry.npmjs.org/deep-is/-/deep-is-0.1.3.tgz",
			"integrity": "sha1-s2nW+128E+7PUk+RsHD+7cNXzzQ="
		},
		"node_modules/escodegen": {
			"version": "1.14.3",
			"resolved": "https://registry.npmjs.org/escodegen/-/escodegen-1.14.3.tgz",
			"integrity": "sha512-qFcX0XJkdg+PB3xjZZG/wKSuT1PnQWx57+TVSjIMmILd2yC/6ByYElPwJnslDsuWuSAp4AwJGumarAAmJch5Kw==",
			"dependencies": {
				"esprima": "^4.0.1",
				"estraverse": "^4.2.0",
				"esutils": "^2.0.2",
				"optionator": "^0.8.1"
			},
			"bin": {
				"escodegen": "bin/escodegen.js",
				"esgenerate": "bin/esgenerate.js"
			},
			"engines": {
				"node": ">=4.0"
			},
			"optionalDependencies": {
				"source-map": "~0.6.1"
			}
		},
		"node_modules/escodegen/node_modules/source-map": {
			"version": "0.6.1",
			"resolved": "https://registry.npmjs.org/source-map/-/source-map-0.6.1.tgz",
			"integrity": "sha512-UjgapumWlbMhkBgzT7Ykc5YXUT46F0iKu8SGXq0bcwP5dz/h0Plj6enJqjz1Zbq2l5WaqYnrVbwWOWMyF3F47g==",
			"optional": true,
			"engines": {
				"node": ">=0.10.0"
			}
		},
		"node_modules/esprima": {
			"version": "4.0.1",
			"resolved": "https://registry.npmjs.org/esprima/-/esprima-4.0.1.tgz",
			"integrity": "sha512-eGuFFw7Upda+g4p+QHvnW0RyTX/SVeJBDM/gCtMARO0cLuT2HcEKnTPvhjV6aGeqrCB/sbNop0Kszm0jsaWU4A==",
			"bin": {
				"esparse": "bin/esparse.js",
				"esvalidate": "bin/esvalidate.js"
			},
			"engines": {
				"node": ">=4"
			}
		},
		"node_modules/estraverse": {
			"version": "4.3.0",
			"resolved": "https://registry.npmjs.org/estraverse/-/estraverse-4.3.0.tgz",
			"integrity": "sha512-39nnKffWz8xN1BU/2c79n9nB9HDzo0niYUqx6xyqUnyoAnQyyWpOTdZEeiCch8BBu515t4wp9ZmgVfVhn9EBpw==",
			"engines": {
				"node": ">=4.0"
			}
		},
		"node_modules/esutils": {
			"version": "2.0.3",
			"resolved": "https://registry.npmjs.org/esutils/-/esutils-2.0.3.tgz",
			"integrity": "sha512-kVscqXk4OCp68SZ0dkgEKVi6/8ij300KBWTJq32P/dYeWTSwK41WyTxalN1eRmA5Z9UU/LX9D7FWSmV9SAYx6g==",
			"engines": {
				"node": ">=0.10.0"
			}
		},
		"node_modules/fast-levenshtein": {
			"version": "2.0.6",
			"resolved": "https://registry.npmjs.org/fast-levenshtein/-/fast-levenshtein-2.0.6.tgz",
			"integrity": "sha1-PYpcZog6FqMMqGQ+hR8Zuqd5eRc="
		},
		"node_modules/he": {
			"version": "1.2.0",
			"resolved": "https://registry.npmjs.org/he/-/he-1.2.0.tgz",
			"integrity": "sha512-F/1DnUGPopORZi0ni+CvrCgHQ5FyEAHRLSApuYWMmrbSwoN2Mn/7k+Gl38gJnR7yyDZk6WLXwiGod1JOWNDKGw==",
			"bin": {
				"he": "bin/he"
			}
		},
		"node_modules/history": {
			"version": "5.0.0",
			"resolved": "https://registry.npmjs.org/history/-/history-5.0.0.tgz",
			"integrity": "sha512-3NyRMKIiFSJmIPdq7FxkNMJkQ7ZEtVblOQ38VtKaA0zZMW1Eo6Q6W8oDKEflr1kNNTItSnk4JMCO1deeSgbLLg==",
			"peer": true,
			"dependencies": {
				"@babel/runtime": "^7.7.6"
			}
		},
		"node_modules/html-minifier": {
			"version": "3.5.21",
			"resolved": "https://registry.npmjs.org/html-minifier/-/html-minifier-3.5.21.tgz",
			"integrity": "sha512-LKUKwuJDhxNa3uf/LPR/KVjm/l3rBqtYeCOAekvG8F1vItxMUpueGd94i/asDDr8/1u7InxzFA5EeGjhhG5mMA==",
			"dependencies": {
				"camel-case": "3.0.x",
				"clean-css": "4.2.x",
				"commander": "2.17.x",
				"he": "1.2.x",
				"param-case": "2.1.x",
				"relateurl": "0.2.x",
				"uglify-js": "3.4.x"
			},
			"bin": {
				"html-minifier": "cli.js"
			},
			"engines": {
				"node": ">=4"
			}
		},
		"node_modules/is-keyword-js": {
			"version": "1.0.3",
			"resolved": "https://registry.npmjs.org/is-keyword-js/-/is-keyword-js-1.0.3.tgz",
			"integrity": "sha1-rDDc81tnH0snsX9ctXI1EmAhEy0=",
			"engines": {
				"node": ">=0.10.0"
			}
		},
		"node_modules/js-tokens": {
			"version": "3.0.2",
			"resolved": "https://registry.npmjs.org/js-tokens/-/js-tokens-3.0.2.tgz",
			"integrity": "sha1-mGbfOVECEw449/mWvOtlRDIJwls="
		},
		"node_modules/levn": {
			"version": "0.3.0",
			"resolved": "https://registry.npmjs.org/levn/-/levn-0.3.0.tgz",
			"integrity": "sha1-OwmSTt+fCDwEkP3UwLxEIeBHZO4=",
			"dependencies": {
				"prelude-ls": "~1.1.2",
				"type-check": "~0.3.2"
			},
			"engines": {
				"node": ">= 0.8.0"
			}
		},
		"node_modules/lodash-es": {
			"version": "4.17.21",
			"resolved": "https://registry.npmjs.org/lodash-es/-/lodash-es-4.17.21.tgz",
			"integrity": "sha512-mKnC+QJ9pWVzv+C4/U3rRsHapFfHvQFoFB92e52xeyGMcX6/OlIl78je1u8vePzYZSkkogMPJ2yjxxsb89cxyw=="
		},
		"node_modules/loose-envify": {
			"version": "1.4.0",
			"resolved": "https://registry.npmjs.org/loose-envify/-/loose-envify-1.4.0.tgz",
			"integrity": "sha512-lyuxPGr/Wfhrlem2CL/UcnUc1zcqKAImBDzukY7Y5F/yQiNdko6+fRLevlw1HgMySw7f611UIY408EtxRSoK3Q==",
			"dependencies": {
				"js-tokens": "^3.0.0 || ^4.0.0"
			},
			"bin": {
				"loose-envify": "cli.js"
			}
		},
		"node_modules/lower-case": {
			"version": "1.1.4",
			"resolved": "https://registry.npmjs.org/lower-case/-/lower-case-1.1.4.tgz",
			"integrity": "sha1-miyr0bno4K6ZOkv31YdcOcQujqw="
		},
		"node_modules/merge-source-map": {
			"version": "1.1.0",
			"resolved": "https://registry.npmjs.org/merge-source-map/-/merge-source-map-1.1.0.tgz",
			"integrity": "sha512-Qkcp7P2ygktpMPh2mCQZaf3jhN6D3Z/qVZHSdWvQ+2Ef5HgRAPBO57A77+ENm0CPx2+1Ce/MYKi3ymqdfuqibw==",
			"dependencies": {
				"source-map": "^0.6.1"
			}
		},
		"node_modules/merge-source-map/node_modules/source-map": {
			"version": "0.6.1",
			"resolved": "https://registry.npmjs.org/source-map/-/source-map-0.6.1.tgz",
			"integrity": "sha512-UjgapumWlbMhkBgzT7Ykc5YXUT46F0iKu8SGXq0bcwP5dz/h0Plj6enJqjz1Zbq2l5WaqYnrVbwWOWMyF3F47g==",
			"engines": {
				"node": ">=0.10.0"
			}
		},
		"node_modules/mkdirp": {
			"version": "1.0.4",
			"resolved": "https://registry.npmjs.org/mkdirp/-/mkdirp-1.0.4.tgz",
			"integrity": "sha512-vVqVZQyf3WLx2Shd0qJ9xuvqgAyKPLAiqITEtqW0oIUjzo3PePDd6fW9iFz30ef7Ysp/oiWqbhszeGWW2T6Gzw==",
			"bin": {
				"mkdirp": "bin/cmd.js"
			},
			"engines": {
				"node": ">=10"
			}
		},
		"node_modules/no-case": {
			"version": "2.3.2",
			"resolved": "https://registry.npmjs.org/no-case/-/no-case-2.3.2.tgz",
			"integrity": "sha512-rmTZ9kz+f3rCvK2TD1Ue/oZlns7OGoIWP4fc3llxxRXlOkHKoWPPWJOfFYpITabSow43QJbRIoHQXtt10VldyQ==",
			"dependencies": {
				"lower-case": "^1.1.1"
			}
		},
		"node_modules/object-assign": {
			"version": "4.1.1",
			"resolved": "https://registry.npmjs.org/object-assign/-/object-assign-4.1.1.tgz",
			"integrity": "sha1-IQmtx5ZYh8/AXLvUQsrIv7s2CGM=",
			"engines": {
				"node": ">=0.10.0"
			}
		},
		"node_modules/optionator": {
			"version": "0.8.3",
			"resolved": "https://registry.npmjs.org/optionator/-/optionator-0.8.3.tgz",
			"integrity": "sha512-+IW9pACdk3XWmmTXG8m3upGUJst5XRGzxMRjXzAuJ1XnIFNvfhjjIuYkDvysnPQ7qzqVzLt78BCruntqRhWQbA==",
			"dependencies": {
				"deep-is": "~0.1.3",
				"fast-levenshtein": "~2.0.6",
				"levn": "~0.3.0",
				"prelude-ls": "~1.1.2",
				"type-check": "~0.3.2",
				"word-wrap": "~1.2.3"
			},
			"engines": {
				"node": ">= 0.8.0"
			}
		},
		"node_modules/param-case": {
			"version": "2.1.1",
			"resolved": "https://registry.npmjs.org/param-case/-/param-case-2.1.1.tgz",
			"integrity": "sha1-35T9jPZTHs915r75oIWPvHK+Ikc=",
			"dependencies": {
				"no-case": "^2.2.0"
			}
		},
		"node_modules/prelude-ls": {
			"version": "1.1.2",
			"resolved": "https://registry.npmjs.org/prelude-ls/-/prelude-ls-1.1.2.tgz",
			"integrity": "sha1-IZMqVJ9eUv/ZqCf1cOBL5iqX2lQ=",
			"engines": {
				"node": ">= 0.8.0"
			}
		},
		"node_modules/prop-types": {
			"version": "15.7.2",
			"resolved": "https://registry.npmjs.org/prop-types/-/prop-types-15.7.2.tgz",
			"integrity": "sha512-8QQikdH7//R2vurIJSutZ1smHYTcLpRWEOlHnzcWHmBYrOGUysKwSsrC89BCiFj3CbrfJ/nXFdJepOVrY1GCHQ==",
			"dependencies": {
				"loose-envify": "^1.4.0",
				"object-assign": "^4.1.1",
				"react-is": "^16.8.1"
			}
		},
		"node_modules/react": {
			"version": "17.0.2",
			"resolved": "https://registry.npmjs.org/react/-/react-17.0.2.tgz",
			"integrity": "sha512-gnhPt75i/dq/z3/6q/0asP78D0u592D5L1pd7M8P+dck6Fu/jJeL6iVVK23fptSUZj8Vjf++7wXA8UNclGQcbA==",
			"dependencies": {
				"loose-envify": "^1.1.0",
				"object-assign": "^4.1.1"
			},
			"engines": {
				"node": ">=0.10.0"
			}
		},
		"node_modules/react-dom": {
			"version": "17.0.2",
			"resolved": "https://registry.npmjs.org/react-dom/-/react-dom-17.0.2.tgz",
			"integrity": "sha512-s4h96KtLDUQlsENhMn1ar8t2bEa+q/YAtj8pPPdIjPDGBDIVNsrD9aXNWqspUe6AzKCIG0C1HZZLqLV7qpOBGA==",
			"dependencies": {
				"loose-envify": "^1.1.0",
				"object-assign": "^4.1.1",
				"scheduler": "^0.20.2"
			},
			"peerDependencies": {
				"react": "17.0.2"
			}
		},
		"node_modules/react-is": {
			"version": "16.13.1",
			"resolved": "https://registry.npmjs.org/react-is/-/react-is-16.13.1.tgz",
			"integrity": "sha512-24e6ynE2H+OKt4kqsOvNd8kBpV65zoxbA4BVsEOB3ARVWQki/DHzaUoC5KuON/BiccDaCCTZBuOcfZs70kR8bQ=="
		},
		"node_modules/react-router": {
			"version": "6.0.0-beta.0",
			"resolved": "https://registry.npmjs.org/react-router/-/react-router-6.0.0-beta.0.tgz",
			"integrity": "sha512-VgMdfpVcmFQki/LZuLh8E/MNACekDetz4xqft+a6fBZvvJnVqKbLqebF7hyoawGrV1HcO5tVaUang2Og4W2j1Q==",
			"dependencies": {
				"prop-types": "^15.7.2"
			},
			"peerDependencies": {
				"history": ">=5",
				"react": ">=16.8"
			}
		},
		"node_modules/react-router-dom": {
			"version": "6.0.0-beta.0",
			"resolved": "https://registry.npmjs.org/react-router-dom/-/react-router-dom-6.0.0-beta.0.tgz",
			"integrity": "sha512-36yNNGMT8RB9FRPL9nKJi6HKDkgOakU+o/2hHpSzR6e37gN70MpOU6QQlmif4oAWWBwjyGc3ZNOMFCsFuHUY5w==",
			"dependencies": {
				"prop-types": "^15.7.2",
				"react-router": "6.0.0-beta.0"
			},
			"peerDependencies": {
				"history": ">=5",
				"react": ">=16.8",
				"react-dom": ">=16.8"
			}
		},
		"node_modules/regenerator-runtime": {
			"version": "0.13.7",
			"resolved": "https://registry.npmjs.org/regenerator-runtime/-/regenerator-runtime-0.13.7.tgz",
			"integrity": "sha512-a54FxoJDIr27pgf7IgeQGxmqUNYrcV338lf/6gH456HZ/PhX+5BcwHXG9ajESmwe6WRO0tAzRUrRmNONWgkrew==",
			"peer": true
		},
		"node_modules/relateurl": {
			"version": "0.2.7",
			"resolved": "https://registry.npmjs.org/relateurl/-/relateurl-0.2.7.tgz",
			"integrity": "sha1-VNvzd+UUQKypCkzSdGANP/LYiKk=",
			"engines": {
				"node": ">= 0.10"
			}
		},
		"node_modules/scheduler": {
			"version": "0.20.2",
			"resolved": "https://registry.npmjs.org/scheduler/-/scheduler-0.20.2.tgz",
			"integrity": "sha512-2eWfGgAqqWFGqtdMmcL5zCMK1U8KlXv8SQFGglL3CEtd0aDVDWgeF/YoCmvln55m5zSk3J/20hTaSBeSObsQDQ==",
			"dependencies": {
				"loose-envify": "^1.1.0",
				"object-assign": "^4.1.1"
			}
		},
		"node_modules/source-map": {
			"version": "0.5.7",
			"resolved": "https://registry.npmjs.org/source-map/-/source-map-0.5.7.tgz",
			"integrity": "sha1-igOdLRAh0i0eoUyA2OpGi6LvP8w=",
			"engines": {
				"node": ">=0.10.0"
			}
		},
		"node_modules/type-check": {
			"version": "0.3.2",
			"resolved": "https://registry.npmjs.org/type-check/-/type-check-0.3.2.tgz",
			"integrity": "sha1-WITKtRLPHTVeP7eE8wgEsrUg23I=",
			"dependencies": {
				"prelude-ls": "~1.1.2"
			},
			"engines": {
				"node": ">= 0.8.0"
			}
		},
		"node_modules/uglify-js": {
			"version": "3.4.10",
			"resolved": "https://registry.npmjs.org/uglify-js/-/uglify-js-3.4.10.tgz",
			"integrity": "sha512-Y2VsbPVs0FIshJztycsO2SfPk7/KAF/T72qzv9u5EpQ4kB2hQoHlhNQTsNyy6ul7lQtqJN/AoWeS23OzEiEFxw==",
			"dependencies": {
				"commander": "~2.19.0",
				"source-map": "~0.6.1"
			},
			"bin": {
				"uglifyjs": "bin/uglifyjs"
			},
			"engines": {
				"node": ">=0.8.0"
			}
		},
		"node_modules/uglify-js/node_modules/commander": {
			"version": "2.19.0",
			"resolved": "https://registry.npmjs.org/commander/-/commander-2.19.0.tgz",
			"integrity": "sha512-6tvAOO+D6OENvRAh524Dh9jcfKTYDQAqvqezbCW82xj5X0pSrcpxtvRKHLG0yBY6SD7PSDrJaj+0AiOcKVd1Xg=="
		},
		"node_modules/uglify-js/node_modules/source-map": {
			"version": "0.6.1",
			"resolved": "https://registry.npmjs.org/source-map/-/source-map-0.6.1.tgz",
			"integrity": "sha512-UjgapumWlbMhkBgzT7Ykc5YXUT46F0iKu8SGXq0bcwP5dz/h0Plj6enJqjz1Zbq2l5WaqYnrVbwWOWMyF3F47g==",
			"engines": {
				"node": ">=0.10.0"
			}
		},
		"node_modules/upper-case": {
			"version": "1.1.3",
			"resolved": "https://registry.npmjs.org/upper-case/-/upper-case-1.1.3.tgz",
			"integrity": "sha1-9rRQHC7EzdJrp4vnIilh3ndiFZg="
		},
		"node_modules/word-wrap": {
			"version": "1.2.3",
			"resolved": "https://registry.npmjs.org/word-wrap/-/word-wrap-1.2.3.tgz",
			"integrity": "sha512-Hz/mrNwitNRh/HUAtM/VT/5VH+ygD6DV7mYKZAtHOrbs8U7lvPS6xf7EJKMF0uW1KJCl0H701g3ZGus+muE5vQ==",
			"engines": {
				"node": ">=0.10.0"
			}
		}
	},
	"dependencies": {
		"@babel/runtime": {
			"version": "7.14.6",
			"resolved": "https://registry.npmjs.org/@babel/runtime/-/runtime-7.14.6.tgz",
			"integrity": "sha512-/PCB2uJ7oM44tz8YhC4Z/6PeOKXp4K588f+5M3clr1M4zbqztlo0XEfJ2LEzj/FgwfgGcIdl8n7YYjTCI0BYwg==",
			"peer": true,
			"requires": {
				"regenerator-runtime": "^0.13.4"
			}
		},
		"@types/lodash": {
			"version": "4.14.170",
			"resolved": "https://registry.npmjs.org/@types/lodash/-/lodash-4.14.170.tgz",
			"integrity": "sha512-bpcvu/MKHHeYX+qeEN8GE7DIravODWdACVA1ctevD8CN24RhPZIKMn9ntfAsrvLfSX3cR5RrBKAbYm9bGs0A+Q==",
			"dev": true
		},
		"@types/lodash-es": {
			"version": "4.17.4",
			"resolved": "https://registry.npmjs.org/@types/lodash-es/-/lodash-es-4.17.4.tgz",
			"integrity": "sha512-BBz79DCJbD2CVYZH67MBeHZRX++HF+5p8Mo5MzjZi64Wac39S3diedJYHZtScbRVf4DjZyN6LzA0SB0zy+HSSQ==",
			"dev": true,
			"requires": {
				"@types/lodash": "*"
			}
		},
		"@types/mkdirp": {
			"version": "1.0.1",
			"resolved": "https://registry.npmjs.org/@types/mkdirp/-/mkdirp-1.0.1.tgz",
			"integrity": "sha512-HkGSK7CGAXncr8Qn/0VqNtExEE+PHMWb+qlR1faHMao7ng6P3tAaoWWBMdva0gL5h4zprjIO89GJOLXsMcDm1Q==",
			"dev": true,
			"requires": {
				"@types/node": "*"
			}
		},
		"@types/node": {
			"version": "15.14.0",
			"resolved": "https://registry.npmjs.org/@types/node/-/node-15.14.0.tgz",
			"integrity": "sha512-um/+/ip3QZmwLfIkWZSNtQIJNVAqrJ92OkLMeuZrjZMTAJniI7fh8N8OICyDhAJ2mzgk/fmYFo72jRr5HyZ1EQ==",
			"dev": true
		},
		"@types/prop-types": {
			"version": "15.7.3",
			"resolved": "https://registry.npmjs.org/@types/prop-types/-/prop-types-15.7.3.tgz",
			"integrity": "sha512-KfRL3PuHmqQLOG+2tGpRO26Ctg+Cq1E01D2DMriKEATHgWLfeNDmq9e29Q9WIky0dQ3NPkd1mzYH8Lm936Z9qw=="
		},
		"@types/react": {
			"version": "16.14.10",
			"resolved": "https://registry.npmjs.org/@types/react/-/react-16.14.10.tgz",
			"integrity": "sha512-QadBsMyF6ldjEAXEhsmEW/L0uBDJT8yw7Qoe5sRnEKVrzMkiYoJwqoL5TKJOlArsn/wvIJM/XdVzkdL6+AS64Q==",
			"requires": {
				"@types/prop-types": "*",
				"@types/scheduler": "*",
				"csstype": "^3.0.2"
			}
		},
		"@types/react-dom": {
			"version": "16.9.13",
			"resolved": "https://registry.npmjs.org/@types/react-dom/-/react-dom-16.9.13.tgz",
			"integrity": "sha512-34Hr3XnmUSJbUVDxIw/e7dhQn2BJZhJmlAaPyPwfTQyuVS9mV/CeyghFcXyvkJXxI7notQJz8mF8FeCVvloJrA==",
			"requires": {
				"@types/react": "^16"
			}
		},
		"@types/scheduler": {
			"version": "0.16.1",
			"resolved": "https://registry.npmjs.org/@types/scheduler/-/scheduler-0.16.1.tgz",
			"integrity": "sha512-EaCxbanVeyxDRTQBkdLb3Bvl/HK7PBK6UJjsSixB0iHKoWxE5uu2Q/DgtpOhPIojN0Zl1whvOd7PoHs2P0s5eA=="
		},
		"acorn": {
			"version": "5.7.4",
			"resolved": "https://registry.npmjs.org/acorn/-/acorn-5.7.4.tgz",
			"integrity": "sha512-1D++VG7BhrtvQpNbBzovKNc1FLGGEE/oGe7b9xJm/RFHMBeUaUGpluV9RLjZa47YFdPcDAenEYuq9pQPcMdLJg=="
		},
		"art-template": {
			"version": "4.13.2",
			"resolved": "https://registry.npmjs.org/art-template/-/art-template-4.13.2.tgz",
			"integrity": "sha512-04ws5k+ndA5DghfheY4c8F1304XJKeTcaXqZCLpxFkNMSkaR3ChW1pX2i9d3sEEOZuLy7de8lFriRaik1jEeOQ==",
			"requires": {
				"acorn": "^5.0.3",
				"escodegen": "^1.8.1",
				"estraverse": "^4.2.0",
				"html-minifier": "^3.4.3",
				"is-keyword-js": "^1.0.3",
				"js-tokens": "^3.0.1",
				"merge-source-map": "^1.0.3",
				"source-map": "^0.5.6"
			}
		},
		"camel-case": {
			"version": "3.0.0",
			"resolved": "https://registry.npmjs.org/camel-case/-/camel-case-3.0.0.tgz",
			"integrity": "sha1-yjw2iKTpzzpM2nd9xNy8cTJJz3M=",
			"requires": {
				"no-case": "^2.2.0",
				"upper-case": "^1.1.1"
			}
		},
		"clean-css": {
			"version": "4.2.3",
			"resolved": "https://registry.npmjs.org/clean-css/-/clean-css-4.2.3.tgz",
			"integrity": "sha512-VcMWDN54ZN/DS+g58HYL5/n4Zrqe8vHJpGA8KdgUXFU4fuP/aHNw8eld9SyEIyabIMJX/0RaY/fplOo5hYLSFA==",
			"requires": {
				"source-map": "~0.6.0"
			},
			"dependencies": {
				"source-map": {
					"version": "0.6.1",
					"resolved": "https://registry.npmjs.org/source-map/-/source-map-0.6.1.tgz",
					"integrity": "sha512-UjgapumWlbMhkBgzT7Ykc5YXUT46F0iKu8SGXq0bcwP5dz/h0Plj6enJqjz1Zbq2l5WaqYnrVbwWOWMyF3F47g=="
				}
			}
		},
		"commander": {
			"version": "2.17.1",
			"resolved": "https://registry.npmjs.org/commander/-/commander-2.17.1.tgz",
			"integrity": "sha512-wPMUt6FnH2yzG95SA6mzjQOEKUU3aLaDEmzs1ti+1E9h+CsrZghRlqEM/EJ4KscsQVG8uNN4uVreUeT8+drlgg=="
		},
		"csstype": {
			"version": "3.0.8",
			"resolved": "https://registry.npmjs.org/csstype/-/csstype-3.0.8.tgz",
			"integrity": "sha512-jXKhWqXPmlUeoQnF/EhTtTl4C9SnrxSH/jZUih3jmO6lBKr99rP3/+FmrMj4EFpOXzMtXHAZkd3x0E6h6Fgflw=="
		},
		"deep-is": {
			"version": "0.1.3",
			"resolved": "https://registry.npmjs.org/deep-is/-/deep-is-0.1.3.tgz",
			"integrity": "sha1-s2nW+128E+7PUk+RsHD+7cNXzzQ="
		},
		"escodegen": {
			"version": "1.14.3",
			"resolved": "https://registry.npmjs.org/escodegen/-/escodegen-1.14.3.tgz",
			"integrity": "sha512-qFcX0XJkdg+PB3xjZZG/wKSuT1PnQWx57+TVSjIMmILd2yC/6ByYElPwJnslDsuWuSAp4AwJGumarAAmJch5Kw==",
			"requires": {
				"esprima": "^4.0.1",
				"estraverse": "^4.2.0",
				"esutils": "^2.0.2",
				"optionator": "^0.8.1",
				"source-map": "~0.6.1"
			},
			"dependencies": {
				"source-map": {
					"version": "0.6.1",
					"resolved": "https://registry.npmjs.org/source-map/-/source-map-0.6.1.tgz",
					"integrity": "sha512-UjgapumWlbMhkBgzT7Ykc5YXUT46F0iKu8SGXq0bcwP5dz/h0Plj6enJqjz1Zbq2l5WaqYnrVbwWOWMyF3F47g==",
					"optional": true
				}
			}
		},
		"esprima": {
			"version": "4.0.1",
			"resolved": "https://registry.npmjs.org/esprima/-/esprima-4.0.1.tgz",
			"integrity": "sha512-eGuFFw7Upda+g4p+QHvnW0RyTX/SVeJBDM/gCtMARO0cLuT2HcEKnTPvhjV6aGeqrCB/sbNop0Kszm0jsaWU4A=="
		},
		"estraverse": {
			"version": "4.3.0",
			"resolved": "https://registry.npmjs.org/estraverse/-/estraverse-4.3.0.tgz",
			"integrity": "sha512-39nnKffWz8xN1BU/2c79n9nB9HDzo0niYUqx6xyqUnyoAnQyyWpOTdZEeiCch8BBu515t4wp9ZmgVfVhn9EBpw=="
		},
		"esutils": {
			"version": "2.0.3",
			"resolved": "https://registry.npmjs.org/esutils/-/esutils-2.0.3.tgz",
			"integrity": "sha512-kVscqXk4OCp68SZ0dkgEKVi6/8ij300KBWTJq32P/dYeWTSwK41WyTxalN1eRmA5Z9UU/LX9D7FWSmV9SAYx6g=="
		},
		"fast-levenshtein": {
			"version": "2.0.6",
			"resolved": "https://registry.npmjs.org/fast-levenshtein/-/fast-levenshtein-2.0.6.tgz",
			"integrity": "sha1-PYpcZog6FqMMqGQ+hR8Zuqd5eRc="
		},
		"he": {
			"version": "1.2.0",
			"resolved": "https://registry.npmjs.org/he/-/he-1.2.0.tgz",
			"integrity": "sha512-F/1DnUGPopORZi0ni+CvrCgHQ5FyEAHRLSApuYWMmrbSwoN2Mn/7k+Gl38gJnR7yyDZk6WLXwiGod1JOWNDKGw=="
		},
		"history": {
			"version": "5.0.0",
			"resolved": "https://registry.npmjs.org/history/-/history-5.0.0.tgz",
			"integrity": "sha512-3NyRMKIiFSJmIPdq7FxkNMJkQ7ZEtVblOQ38VtKaA0zZMW1Eo6Q6W8oDKEflr1kNNTItSnk4JMCO1deeSgbLLg==",
			"peer": true,
			"requires": {
				"@babel/runtime": "^7.7.6"
			}
		},
		"html-minifier": {
			"version": "3.5.21",
			"resolved": "https://registry.npmjs.org/html-minifier/-/html-minifier-3.5.21.tgz",
			"integrity": "sha512-LKUKwuJDhxNa3uf/LPR/KVjm/l3rBqtYeCOAekvG8F1vItxMUpueGd94i/asDDr8/1u7InxzFA5EeGjhhG5mMA==",
			"requires": {
				"camel-case": "3.0.x",
				"clean-css": "4.2.x",
				"commander": "2.17.x",
				"he": "1.2.x",
				"param-case": "2.1.x",
				"relateurl": "0.2.x",
				"uglify-js": "3.4.x"
			}
		},
		"is-keyword-js": {
			"version": "1.0.3",
			"resolved": "https://registry.npmjs.org/is-keyword-js/-/is-keyword-js-1.0.3.tgz",
			"integrity": "sha1-rDDc81tnH0snsX9ctXI1EmAhEy0="
		},
		"js-tokens": {
			"version": "3.0.2",
			"resolved": "https://registry.npmjs.org/js-tokens/-/js-tokens-3.0.2.tgz",
			"integrity": "sha1-mGbfOVECEw449/mWvOtlRDIJwls="
		},
		"levn": {
			"version": "0.3.0",
			"resolved": "https://registry.npmjs.org/levn/-/levn-0.3.0.tgz",
			"integrity": "sha1-OwmSTt+fCDwEkP3UwLxEIeBHZO4=",
			"requires": {
				"prelude-ls": "~1.1.2",
				"type-check": "~0.3.2"
			}
		},
		"lodash-es": {
			"version": "4.17.21",
			"resolved": "https://registry.npmjs.org/lodash-es/-/lodash-es-4.17.21.tgz",
			"integrity": "sha512-mKnC+QJ9pWVzv+C4/U3rRsHapFfHvQFoFB92e52xeyGMcX6/OlIl78je1u8vePzYZSkkogMPJ2yjxxsb89cxyw=="
		},
		"loose-envify": {
			"version": "1.4.0",
			"resolved": "https://registry.npmjs.org/loose-envify/-/loose-envify-1.4.0.tgz",
			"integrity": "sha512-lyuxPGr/Wfhrlem2CL/UcnUc1zcqKAImBDzukY7Y5F/yQiNdko6+fRLevlw1HgMySw7f611UIY408EtxRSoK3Q==",
			"requires": {
				"js-tokens": "^3.0.0 || ^4.0.0"
			}
		},
		"lower-case": {
			"version": "1.1.4",
			"resolved": "https://registry.npmjs.org/lower-case/-/lower-case-1.1.4.tgz",
			"integrity": "sha1-miyr0bno4K6ZOkv31YdcOcQujqw="
		},
		"merge-source-map": {
			"version": "1.1.0",
			"resolved": "https://registry.npmjs.org/merge-source-map/-/merge-source-map-1.1.0.tgz",
			"integrity": "sha512-Qkcp7P2ygktpMPh2mCQZaf3jhN6D3Z/qVZHSdWvQ+2Ef5HgRAPBO57A77+ENm0CPx2+1Ce/MYKi3ymqdfuqibw==",
			"requires": {
				"source-map": "^0.6.1"
			},
			"dependencies": {
				"source-map": {
					"version": "0.6.1",
					"resolved": "https://registry.npmjs.org/source-map/-/source-map-0.6.1.tgz",
					"integrity": "sha512-UjgapumWlbMhkBgzT7Ykc5YXUT46F0iKu8SGXq0bcwP5dz/h0Plj6enJqjz1Zbq2l5WaqYnrVbwWOWMyF3F47g=="
				}
			}
		},
		"mkdirp": {
			"version": "1.0.4",
			"resolved": "https://registry.npmjs.org/mkdirp/-/mkdirp-1.0.4.tgz",
			"integrity": "sha512-vVqVZQyf3WLx2Shd0qJ9xuvqgAyKPLAiqITEtqW0oIUjzo3PePDd6fW9iFz30ef7Ysp/oiWqbhszeGWW2T6Gzw=="
		},
		"no-case": {
			"version": "2.3.2",
			"resolved": "https://registry.npmjs.org/no-case/-/no-case-2.3.2.tgz",
			"integrity": "sha512-rmTZ9kz+f3rCvK2TD1Ue/oZlns7OGoIWP4fc3llxxRXlOkHKoWPPWJOfFYpITabSow43QJbRIoHQXtt10VldyQ==",
			"requires": {
				"lower-case": "^1.1.1"
			}
		},
		"object-assign": {
			"version": "4.1.1",
			"resolved": "https://registry.npmjs.org/object-assign/-/object-assign-4.1.1.tgz",
			"integrity": "sha1-IQmtx5ZYh8/AXLvUQsrIv7s2CGM="
		},
		"optionator": {
			"version": "0.8.3",
			"resolved": "https://registry.npmjs.org/optionator/-/optionator-0.8.3.tgz",
			"integrity": "sha512-+IW9pACdk3XWmmTXG8m3upGUJst5XRGzxMRjXzAuJ1XnIFNvfhjjIuYkDvysnPQ7qzqVzLt78BCruntqRhWQbA==",
			"requires": {
				"deep-is": "~0.1.3",
				"fast-levenshtein": "~2.0.6",
				"levn": "~0.3.0",
				"prelude-ls": "~1.1.2",
				"type-check": "~0.3.2",
				"word-wrap": "~1.2.3"
			}
		},
		"param-case": {
			"version": "2.1.1",
			"resolved": "https://registry.npmjs.org/param-case/-/param-case-2.1.1.tgz",
			"integrity": "sha1-35T9jPZTHs915r75oIWPvHK+Ikc=",
			"requires": {
				"no-case": "^2.2.0"
			}
		},
		"prelude-ls": {
			"version": "1.1.2",
			"resolved": "https://registry.npmjs.org/prelude-ls/-/prelude-ls-1.1.2.tgz",
			"integrity": "sha1-IZMqVJ9eUv/ZqCf1cOBL5iqX2lQ="
		},
		"prop-types": {
			"version": "15.7.2",
			"resolved": "https://registry.npmjs.org/prop-types/-/prop-types-15.7.2.tgz",
			"integrity": "sha512-8QQikdH7//R2vurIJSutZ1smHYTcLpRWEOlHnzcWHmBYrOGUysKwSsrC89BCiFj3CbrfJ/nXFdJepOVrY1GCHQ==",
			"requires": {
				"loose-envify": "^1.4.0",
				"object-assign": "^4.1.1",
				"react-is": "^16.8.1"
			}
		},
		"react": {
			"version": "17.0.2",
			"resolved": "https://registry.npmjs.org/react/-/react-17.0.2.tgz",
			"integrity": "sha512-gnhPt75i/dq/z3/6q/0asP78D0u592D5L1pd7M8P+dck6Fu/jJeL6iVVK23fptSUZj8Vjf++7wXA8UNclGQcbA==",
			"requires": {
				"loose-envify": "^1.1.0",
				"object-assign": "^4.1.1"
			}
		},
		"react-dom": {
			"version": "17.0.2",
			"resolved": "https://registry.npmjs.org/react-dom/-/react-dom-17.0.2.tgz",
			"integrity": "sha512-s4h96KtLDUQlsENhMn1ar8t2bEa+q/YAtj8pPPdIjPDGBDIVNsrD9aXNWqspUe6AzKCIG0C1HZZLqLV7qpOBGA==",
			"requires": {
				"loose-envify": "^1.1.0",
				"object-assign": "^4.1.1",
				"scheduler": "^0.20.2"
			}
		},
		"react-is": {
			"version": "16.13.1",
			"resolved": "https://registry.npmjs.org/react-is/-/react-is-16.13.1.tgz",
			"integrity": "sha512-24e6ynE2H+OKt4kqsOvNd8kBpV65zoxbA4BVsEOB3ARVWQki/DHzaUoC5KuON/BiccDaCCTZBuOcfZs70kR8bQ=="
		},
		"react-router": {
			"version": "6.0.0-beta.0",
			"resolved": "https://registry.npmjs.org/react-router/-/react-router-6.0.0-beta.0.tgz",
			"integrity": "sha512-VgMdfpVcmFQki/LZuLh8E/MNACekDetz4xqft+a6fBZvvJnVqKbLqebF7hyoawGrV1HcO5tVaUang2Og4W2j1Q==",
			"requires": {
				"prop-types": "^15.7.2"
			}
		},
		"react-router-dom": {
			"version": "6.0.0-beta.0",
			"resolved": "https://registry.npmjs.org/react-router-dom/-/react-router-dom-6.0.0-beta.0.tgz",
			"integrity": "sha512-36yNNGMT8RB9FRPL9nKJi6HKDkgOakU+o/2hHpSzR6e37gN70MpOU6QQlmif4oAWWBwjyGc3ZNOMFCsFuHUY5w==",
			"requires": {
				"prop-types": "^15.7.2",
				"react-router": "6.0.0-beta.0"
			}
		},
		"regenerator-runtime": {
			"version": "0.13.7",
			"resolved": "https://registry.npmjs.org/regenerator-runtime/-/regenerator-runtime-0.13.7.tgz",
			"integrity": "sha512-a54FxoJDIr27pgf7IgeQGxmqUNYrcV338lf/6gH456HZ/PhX+5BcwHXG9ajESmwe6WRO0tAzRUrRmNONWgkrew==",
			"peer": true
		},
		"relateurl": {
			"version": "0.2.7",
			"resolved": "https://registry.npmjs.org/relateurl/-/relateurl-0.2.7.tgz",
			"integrity": "sha1-VNvzd+UUQKypCkzSdGANP/LYiKk="
		},
		"scheduler": {
			"version": "0.20.2",
			"resolved": "https://registry.npmjs.org/scheduler/-/scheduler-0.20.2.tgz",
			"integrity": "sha512-2eWfGgAqqWFGqtdMmcL5zCMK1U8KlXv8SQFGglL3CEtd0aDVDWgeF/YoCmvln55m5zSk3J/20hTaSBeSObsQDQ==",
			"requires": {
				"loose-envify": "^1.1.0",
				"object-assign": "^4.1.1"
			}
		},
		"source-map": {
			"version": "0.5.7",
			"resolved": "https://registry.npmjs.org/source-map/-/source-map-0.5.7.tgz",
			"integrity": "sha1-igOdLRAh0i0eoUyA2OpGi6LvP8w="
		},
		"type-check": {
			"version": "0.3.2",
			"resolved": "https://registry.npmjs.org/type-check/-/type-check-0.3.2.tgz",
			"integrity": "sha1-WITKtRLPHTVeP7eE8wgEsrUg23I=",
			"requires": {
				"prelude-ls": "~1.1.2"
			}
		},
		"uglify-js": {
			"version": "3.4.10",
			"resolved": "https://registry.npmjs.org/uglify-js/-/uglify-js-3.4.10.tgz",
			"integrity": "sha512-Y2VsbPVs0FIshJztycsO2SfPk7/KAF/T72qzv9u5EpQ4kB2hQoHlhNQTsNyy6ul7lQtqJN/AoWeS23OzEiEFxw==",
			"requires": {
				"commander": "~2.19.0",
				"source-map": "~0.6.1"
			},
			"dependencies": {
				"commander": {
					"version": "2.19.0",
					"resolved": "https://registry.npmjs.org/commander/-/commander-2.19.0.tgz",
					"integrity": "sha512-6tvAOO+D6OENvRAh524Dh9jcfKTYDQAqvqezbCW82xj5X0pSrcpxtvRKHLG0yBY6SD7PSDrJaj+0AiOcKVd1Xg=="
				},
				"source-map": {
					"version": "0.6.1",
					"resolved": "https://registry.npmjs.org/source-map/-/source-map-0.6.1.tgz",
					"integrity": "sha512-UjgapumWlbMhkBgzT7Ykc5YXUT46F0iKu8SGXq0bcwP5dz/h0Plj6enJqjz1Zbq2l5WaqYnrVbwWOWMyF3F47g=="
				}
			}
		},
		"upper-case": {
			"version": "1.1.3",
			"resolved": "https://registry.npmjs.org/upper-case/-/upper-case-1.1.3.tgz",
			"integrity": "sha1-9rRQHC7EzdJrp4vnIilh3ndiFZg="
		},
		"word-wrap": {
			"version": "1.2.3",
			"resolved": "https://registry.npmjs.org/word-wrap/-/word-wrap-1.2.3.tgz",
			"integrity": "sha512-Hz/mrNwitNRh/HUAtM/VT/5VH+ygD6DV7mYKZAtHOrbs8U7lvPS6xf7EJKMF0uW1KJCl0H701g3ZGus+muE5vQ=="
		}
	}
}
